// !$*UTF8*$!
{
	archiveVersion = 1;
	classes = {
	};
	objectVersion = 56;
	objects = {

/* Begin PBXBuildFile section */
		0F6B372D2B636B2300A3D807 /* GoogleService-Info.plist in Resources */ = {isa = PBXBuildFile; fileRef = 0F6B372C2B636B2300A3D807 /* GoogleService-Info.plist */; };
		0F6B37302B636D9900A3D807 /* FirebaseAuth in Frameworks */ = {isa = PBXBuildFile; productRef = 0F6B372F2B636D9900A3D807 /* FirebaseAuth */; };
		0F6B37322B636D9900A3D807 /* FirebaseAuthCombine-Community in Frameworks */ = {isa = PBXBuildFile; productRef = 0F6B37312B636D9900A3D807 /* FirebaseAuthCombine-Community */; };
		0F6B37342B636D9900A3D807 /* FirebaseDatabase in Frameworks */ = {isa = PBXBuildFile; productRef = 0F6B37332B636D9900A3D807 /* FirebaseDatabase */; };
		0F6B37362B636D9900A3D807 /* FirebaseDatabaseSwift in Frameworks */ = {isa = PBXBuildFile; productRef = 0F6B37352B636D9900A3D807 /* FirebaseDatabaseSwift */; };
		0F6B37382B636D9900A3D807 /* FirebaseFirestore in Frameworks */ = {isa = PBXBuildFile; productRef = 0F6B37372B636D9900A3D807 /* FirebaseFirestore */; };
		0F6B373A2B636D9900A3D807 /* FirebaseFirestoreCombine-Community in Frameworks */ = {isa = PBXBuildFile; productRef = 0F6B37392B636D9900A3D807 /* FirebaseFirestoreCombine-Community */; };
		0F6B373C2B636D9900A3D807 /* FirebaseFirestoreSwift in Frameworks */ = {isa = PBXBuildFile; productRef = 0F6B373B2B636D9900A3D807 /* FirebaseFirestoreSwift */; };
		0F6B373E2B636D9900A3D807 /* FirebaseFunctions in Frameworks */ = {isa = PBXBuildFile; productRef = 0F6B373D2B636D9900A3D807 /* FirebaseFunctions */; };
		0F6B37402B636D9900A3D807 /* FirebaseFunctionsCombine-Community in Frameworks */ = {isa = PBXBuildFile; productRef = 0F6B373F2B636D9900A3D807 /* FirebaseFunctionsCombine-Community */; };
		0F6B37422B636D9900A3D807 /* FirebaseStorage in Frameworks */ = {isa = PBXBuildFile; productRef = 0F6B37412B636D9900A3D807 /* FirebaseStorage */; };
		0F6B37442B636D9900A3D807 /* FirebaseStorageCombine-Community in Frameworks */ = {isa = PBXBuildFile; productRef = 0F6B37432B636D9900A3D807 /* FirebaseStorageCombine-Community */; };
		0F6B37472B63811B00A3D807 /* AuthService.swift in Sources */ = {isa = PBXBuildFile; fileRef = 0F6B37462B63811B00A3D807 /* AuthService.swift */; };
		0F6B374B2B63835000A3D807 /* ContentViewModel.swift in Sources */ = {isa = PBXBuildFile; fileRef = 0F6B374A2B63835000A3D807 /* ContentViewModel.swift */; };
		0F6B374D2B63865200A3D807 /* UserService.swift in Sources */ = {isa = PBXBuildFile; fileRef = 0F6B374C2B63865200A3D807 /* UserService.swift */; };
		0F6B37502B63873A00A3D807 /* Constants.swift in Sources */ = {isa = PBXBuildFile; fileRef = 0F6B374F2B63873A00A3D807 /* Constants.swift */; };
		0F6B37532B638E2700A3D807 /* LoginViewModel.swift in Sources */ = {isa = PBXBuildFile; fileRef = 0F6B37522B638E2700A3D807 /* LoginViewModel.swift */; };
		0F6B37552B63974200A3D807 /* RegistrationViewModel.swift in Sources */ = {isa = PBXBuildFile; fileRef = 0F6B37542B63974100A3D807 /* RegistrationViewModel.swift */; };
		0F6B375B2B63DC3000A3D807 /* SearchViewModel.swift in Sources */ = {isa = PBXBuildFile; fileRef = 0F6B375A2B63DC3000A3D807 /* SearchViewModel.swift */; };
		0F9691052B62409900AFB5B1 /* CurrentUserProfileView.swift in Sources */ = {isa = PBXBuildFile; fileRef = 0F9691042B62409900AFB5B1 /* CurrentUserProfileView.swift */; };
		0F9691072B624EB900AFB5B1 /* Post.swift in Sources */ = {isa = PBXBuildFile; fileRef = 0F9691062B624EB900AFB5B1 /* Post.swift */; };
		0F9691092B625D8300AFB5B1 /* PostGridView.swift in Sources */ = {isa = PBXBuildFile; fileRef = 0F9691082B625D8300AFB5B1 /* PostGridView.swift */; };
		0F96910B2B6260F200AFB5B1 /* ProfileHeaderView.swift in Sources */ = {isa = PBXBuildFile; fileRef = 0F96910A2B6260F200AFB5B1 /* ProfileHeaderView.swift */; };
		0F96910E2B629F3500AFB5B1 /* UploadPostView.swift in Sources */ = {isa = PBXBuildFile; fileRef = 0F96910D2B629F3500AFB5B1 /* UploadPostView.swift */; };
		0F9691112B62A2D100AFB5B1 /* UploadPostViewModel.swift in Sources */ = {isa = PBXBuildFile; fileRef = 0F9691102B62A2D100AFB5B1 /* UploadPostViewModel.swift */; };
		0FA44C5D2B6787FF00AE1B14 /* EditProfileView.swift in Sources */ = {isa = PBXBuildFile; fileRef = 0FA44C5C2B6787FF00AE1B14 /* EditProfileView.swift */; };
		0FA44C5F2B678CC300AE1B14 /* ProfileViewModel.swift in Sources */ = {isa = PBXBuildFile; fileRef = 0FA44C5E2B678CC300AE1B14 /* ProfileViewModel.swift */; };
		0FA44C612B678ED100AE1B14 /* CircularProfileImageView.swift in Sources */ = {isa = PBXBuildFile; fileRef = 0FA44C602B678ED100AE1B14 /* CircularProfileImageView.swift */; };
		0FA44C632B67E72A00AE1B14 /* ImageUploader.swift in Sources */ = {isa = PBXBuildFile; fileRef = 0FA44C622B67E72A00AE1B14 /* ImageUploader.swift */; };
		0FA44C662B689FD400AE1B14 /* Kingfisher in Frameworks */ = {isa = PBXBuildFile; productRef = 0FA44C652B689FD400AE1B14 /* Kingfisher */; };
		0FA44C692B68B0F300AE1B14 /* FeedViewModel.swift in Sources */ = {isa = PBXBuildFile; fileRef = 0FA44C682B68B0F300AE1B14 /* FeedViewModel.swift */; };
		0FA44C6B2B68B15D00AE1B14 /* PostService.swift in Sources */ = {isa = PBXBuildFile; fileRef = 0FA44C6A2B68B15D00AE1B14 /* PostService.swift */; };
		0FA44C6F2B68C59E00AE1B14 /* PostGridViewModel.swift in Sources */ = {isa = PBXBuildFile; fileRef = 0FA44C6E2B68C59E00AE1B14 /* PostGridViewModel.swift */; };
		0FAF72AF2B5FE696002D08B9 /* Instagram.swift in Sources */ = {isa = PBXBuildFile; fileRef = 0FAF72AE2B5FE696002D08B9 /* Instagram.swift */; };
		0FAF72B12B5FE696002D08B9 /* ContentView.swift in Sources */ = {isa = PBXBuildFile; fileRef = 0FAF72B02B5FE696002D08B9 /* ContentView.swift */; };
		0FAF72B32B5FE698002D08B9 /* Assets.xcassets in Resources */ = {isa = PBXBuildFile; fileRef = 0FAF72B22B5FE698002D08B9 /* Assets.xcassets */; };
		0FAF72B62B5FE698002D08B9 /* Preview Assets.xcassets in Resources */ = {isa = PBXBuildFile; fileRef = 0FAF72B52B5FE698002D08B9 /* Preview Assets.xcassets */; };
		0FAF72C92B5FF63E002D08B9 /* MainTabBarView.swift in Sources */ = {isa = PBXBuildFile; fileRef = 0FAF72C82B5FF63E002D08B9 /* MainTabBarView.swift */; };
		0FAF72CD2B5FF7FA002D08B9 /* ProfileView.swift in Sources */ = {isa = PBXBuildFile; fileRef = 0FAF72CC2B5FF7FA002D08B9 /* ProfileView.swift */; };
		0FAF72D02B5FFBF3002D08B9 /* UserStatView.swift in Sources */ = {isa = PBXBuildFile; fileRef = 0FAF72CF2B5FFBF3002D08B9 /* UserStatView.swift */; };
		0FAF72D32B60AAAA002D08B9 /* FeedView.swift in Sources */ = {isa = PBXBuildFile; fileRef = 0FAF72D22B60AAAA002D08B9 /* FeedView.swift */; };
		0FAF72D52B60AABA002D08B9 /* FeedCell.swift in Sources */ = {isa = PBXBuildFile; fileRef = 0FAF72D42B60AABA002D08B9 /* FeedCell.swift */; };
		0FAF72D82B60B4CB002D08B9 /* SearchView.swift in Sources */ = {isa = PBXBuildFile; fileRef = 0FAF72D72B60B4CB002D08B9 /* SearchView.swift */; };
		0FAF72DB2B60B6D8002D08B9 /* LoginView.swift in Sources */ = {isa = PBXBuildFile; fileRef = 0FAF72DA2B60B6D8002D08B9 /* LoginView.swift */; };
		0FAF72DF2B60BFFC002D08B9 /* AddEmailView.swift in Sources */ = {isa = PBXBuildFile; fileRef = 0FAF72DE2B60BFFC002D08B9 /* AddEmailView.swift */; };
		0FAF72E12B60C299002D08B9 /* TextFieldModifier.swift in Sources */ = {isa = PBXBuildFile; fileRef = 0FAF72E02B60C299002D08B9 /* TextFieldModifier.swift */; };
		0FAF72E32B60C372002D08B9 /* CreateUserNameView.swift in Sources */ = {isa = PBXBuildFile; fileRef = 0FAF72E22B60C372002D08B9 /* CreateUserNameView.swift */; };
		0FAF72E52B60C548002D08B9 /* CreatePasswordView.swift in Sources */ = {isa = PBXBuildFile; fileRef = 0FAF72E42B60C548002D08B9 /* CreatePasswordView.swift */; };
		0FAF72E72B60C65E002D08B9 /* CompleteSignUpView.swift in Sources */ = {isa = PBXBuildFile; fileRef = 0FAF72E62B60C65E002D08B9 /* CompleteSignUpView.swift */; };
		0FAF72E92B60ECC0002D08B9 /* User.swift in Sources */ = {isa = PBXBuildFile; fileRef = 0FAF72E82B60ECC0002D08B9 /* User.swift */; };
/* End PBXBuildFile section */

/* Begin PBXFileReference section */
		0F6B372C2B636B2300A3D807 /* GoogleService-Info.plist */ = {isa = PBXFileReference; fileEncoding = 4; lastKnownFileType = text.plist.xml; path = "GoogleService-Info.plist"; sourceTree = "<group>"; };
		0F6B37462B63811B00A3D807 /* AuthService.swift */ = {isa = PBXFileReference; lastKnownFileType = sourcecode.swift; path = AuthService.swift; sourceTree = "<group>"; };
		0F6B374A2B63835000A3D807 /* ContentViewModel.swift */ = {isa = PBXFileReference; lastKnownFileType = sourcecode.swift; path = ContentViewModel.swift; sourceTree = "<group>"; };
		0F6B374C2B63865200A3D807 /* UserService.swift */ = {isa = PBXFileReference; lastKnownFileType = sourcecode.swift; path = UserService.swift; sourceTree = "<group>"; };
		0F6B374F2B63873A00A3D807 /* Constants.swift */ = {isa = PBXFileReference; lastKnownFileType = sourcecode.swift; path = Constants.swift; sourceTree = "<group>"; };
		0F6B37522B638E2700A3D807 /* LoginViewModel.swift */ = {isa = PBXFileReference; lastKnownFileType = sourcecode.swift; path = LoginViewModel.swift; sourceTree = "<group>"; };
		0F6B37542B63974100A3D807 /* RegistrationViewModel.swift */ = {isa = PBXFileReference; lastKnownFileType = sourcecode.swift; path = RegistrationViewModel.swift; sourceTree = "<group>"; };
		0F6B375A2B63DC3000A3D807 /* SearchViewModel.swift */ = {isa = PBXFileReference; lastKnownFileType = sourcecode.swift; path = SearchViewModel.swift; sourceTree = "<group>"; };
		0F9691042B62409900AFB5B1 /* CurrentUserProfileView.swift */ = {isa = PBXFileReference; lastKnownFileType = sourcecode.swift; path = CurrentUserProfileView.swift; sourceTree = "<group>"; };
		0F9691062B624EB900AFB5B1 /* Post.swift */ = {isa = PBXFileReference; lastKnownFileType = sourcecode.swift; path = Post.swift; sourceTree = "<group>"; };
		0F9691082B625D8300AFB5B1 /* PostGridView.swift */ = {isa = PBXFileReference; lastKnownFileType = sourcecode.swift; path = PostGridView.swift; sourceTree = "<group>"; };
		0F96910A2B6260F200AFB5B1 /* ProfileHeaderView.swift */ = {isa = PBXFileReference; lastKnownFileType = sourcecode.swift; path = ProfileHeaderView.swift; sourceTree = "<group>"; };
		0F96910D2B629F3500AFB5B1 /* UploadPostView.swift */ = {isa = PBXFileReference; lastKnownFileType = sourcecode.swift; path = UploadPostView.swift; sourceTree = "<group>"; };
		0F9691102B62A2D100AFB5B1 /* UploadPostViewModel.swift */ = {isa = PBXFileReference; lastKnownFileType = sourcecode.swift; path = UploadPostViewModel.swift; sourceTree = "<group>"; };
		0FA44C5C2B6787FF00AE1B14 /* EditProfileView.swift */ = {isa = PBXFileReference; lastKnownFileType = sourcecode.swift; path = EditProfileView.swift; sourceTree = "<group>"; };
		0FA44C5E2B678CC300AE1B14 /* ProfileViewModel.swift */ = {isa = PBXFileReference; lastKnownFileType = sourcecode.swift; path = ProfileViewModel.swift; sourceTree = "<group>"; };
		0FA44C602B678ED100AE1B14 /* CircularProfileImageView.swift */ = {isa = PBXFileReference; lastKnownFileType = sourcecode.swift; path = CircularProfileImageView.swift; sourceTree = "<group>"; };
		0FA44C622B67E72A00AE1B14 /* ImageUploader.swift */ = {isa = PBXFileReference; lastKnownFileType = sourcecode.swift; path = ImageUploader.swift; sourceTree = "<group>"; };
		0FA44C682B68B0F300AE1B14 /* FeedViewModel.swift */ = {isa = PBXFileReference; lastKnownFileType = sourcecode.swift; path = FeedViewModel.swift; sourceTree = "<group>"; };
		0FA44C6A2B68B15D00AE1B14 /* PostService.swift */ = {isa = PBXFileReference; lastKnownFileType = sourcecode.swift; path = PostService.swift; sourceTree = "<group>"; };
		0FA44C6E2B68C59E00AE1B14 /* PostGridViewModel.swift */ = {isa = PBXFileReference; lastKnownFileType = sourcecode.swift; path = PostGridViewModel.swift; sourceTree = "<group>"; };
		0FAF72AB2B5FE696002D08B9 /* instagram-swiftui-app.app */ = {isa = PBXFileReference; explicitFileType = wrapper.application; includeInIndex = 0; path = "instagram-swiftui-app.app"; sourceTree = BUILT_PRODUCTS_DIR; };
		0FAF72AE2B5FE696002D08B9 /* Instagram.swift */ = {isa = PBXFileReference; lastKnownFileType = sourcecode.swift; path = Instagram.swift; sourceTree = "<group>"; };
		0FAF72B02B5FE696002D08B9 /* ContentView.swift */ = {isa = PBXFileReference; lastKnownFileType = sourcecode.swift; path = ContentView.swift; sourceTree = "<group>"; };
		0FAF72B22B5FE698002D08B9 /* Assets.xcassets */ = {isa = PBXFileReference; lastKnownFileType = folder.assetcatalog; path = Assets.xcassets; sourceTree = "<group>"; };
		0FAF72B52B5FE698002D08B9 /* Preview Assets.xcassets */ = {isa = PBXFileReference; lastKnownFileType = folder.assetcatalog; path = "Preview Assets.xcassets"; sourceTree = "<group>"; };
		0FAF72C82B5FF63E002D08B9 /* MainTabBarView.swift */ = {isa = PBXFileReference; lastKnownFileType = sourcecode.swift; path = MainTabBarView.swift; sourceTree = "<group>"; };
		0FAF72CC2B5FF7FA002D08B9 /* ProfileView.swift */ = {isa = PBXFileReference; lastKnownFileType = sourcecode.swift; path = ProfileView.swift; sourceTree = "<group>"; };
		0FAF72CF2B5FFBF3002D08B9 /* UserStatView.swift */ = {isa = PBXFileReference; lastKnownFileType = sourcecode.swift; path = UserStatView.swift; sourceTree = "<group>"; };
		0FAF72D22B60AAAA002D08B9 /* FeedView.swift */ = {isa = PBXFileReference; lastKnownFileType = sourcecode.swift; path = FeedView.swift; sourceTree = "<group>"; };
		0FAF72D42B60AABA002D08B9 /* FeedCell.swift */ = {isa = PBXFileReference; lastKnownFileType = sourcecode.swift; path = FeedCell.swift; sourceTree = "<group>"; };
		0FAF72D72B60B4CB002D08B9 /* SearchView.swift */ = {isa = PBXFileReference; lastKnownFileType = sourcecode.swift; path = SearchView.swift; sourceTree = "<group>"; };
		0FAF72DA2B60B6D8002D08B9 /* LoginView.swift */ = {isa = PBXFileReference; lastKnownFileType = sourcecode.swift; path = LoginView.swift; sourceTree = "<group>"; };
		0FAF72DE2B60BFFC002D08B9 /* AddEmailView.swift */ = {isa = PBXFileReference; lastKnownFileType = sourcecode.swift; path = AddEmailView.swift; sourceTree = "<group>"; };
		0FAF72E02B60C299002D08B9 /* TextFieldModifier.swift */ = {isa = PBXFileReference; lastKnownFileType = sourcecode.swift; path = TextFieldModifier.swift; sourceTree = "<group>"; };
		0FAF72E22B60C372002D08B9 /* CreateUserNameView.swift */ = {isa = PBXFileReference; lastKnownFileType = sourcecode.swift; path = CreateUserNameView.swift; sourceTree = "<group>"; };
		0FAF72E42B60C548002D08B9 /* CreatePasswordView.swift */ = {isa = PBXFileReference; lastKnownFileType = sourcecode.swift; path = CreatePasswordView.swift; sourceTree = "<group>"; };
		0FAF72E62B60C65E002D08B9 /* CompleteSignUpView.swift */ = {isa = PBXFileReference; lastKnownFileType = sourcecode.swift; path = CompleteSignUpView.swift; sourceTree = "<group>"; };
		0FAF72E82B60ECC0002D08B9 /* User.swift */ = {isa = PBXFileReference; lastKnownFileType = sourcecode.swift; path = User.swift; sourceTree = "<group>"; };
/* End PBXFileReference section */

/* Begin PBXFrameworksBuildPhase section */
		0FAF72A82B5FE696002D08B9 /* Frameworks */ = {
			isa = PBXFrameworksBuildPhase;
			buildActionMask = 2147483647;
			files = (
				0FA44C662B689FD400AE1B14 /* Kingfisher in Frameworks */,
				0F6B37442B636D9900A3D807 /* FirebaseStorageCombine-Community in Frameworks */,
				0F6B37362B636D9900A3D807 /* FirebaseDatabaseSwift in Frameworks */,
				0F6B37342B636D9900A3D807 /* FirebaseDatabase in Frameworks */,
				0F6B37402B636D9900A3D807 /* FirebaseFunctionsCombine-Community in Frameworks */,
				0F6B37422B636D9900A3D807 /* FirebaseStorage in Frameworks */,
				0F6B37302B636D9900A3D807 /* FirebaseAuth in Frameworks */,
				0F6B373E2B636D9900A3D807 /* FirebaseFunctions in Frameworks */,
				0F6B373C2B636D9900A3D807 /* FirebaseFirestoreSwift in Frameworks */,
				0F6B373A2B636D9900A3D807 /* FirebaseFirestoreCombine-Community in Frameworks */,
				0F6B37382B636D9900A3D807 /* FirebaseFirestore in Frameworks */,
				0F6B37322B636D9900A3D807 /* FirebaseAuthCombine-Community in Frameworks */,
			);
			runOnlyForDeploymentPostprocessing = 0;
		};
/* End PBXFrameworksBuildPhase section */

/* Begin PBXGroup section */
		0F6B37452B6380F300A3D807 /* Service */ = {
			isa = PBXGroup;
			children = (
				0F6B37462B63811B00A3D807 /* AuthService.swift */,
			);
			path = Service;
			sourceTree = "<group>";
		};
		0F6B37482B63833400A3D807 /* View */ = {
			isa = PBXGroup;
			children = (
				0FAF72B02B5FE696002D08B9 /* ContentView.swift */,
			);
			path = View;
			sourceTree = "<group>";
		};
		0F6B37492B63833C00A3D807 /* ViewModel */ = {
			isa = PBXGroup;
			children = (
				0F6B374A2B63835000A3D807 /* ContentViewModel.swift */,
			);
			path = ViewModel;
			sourceTree = "<group>";
		};
		0F6B374E2B63872800A3D807 /* Utils */ = {
			isa = PBXGroup;
			children = (
				0F6B374F2B63873A00A3D807 /* Constants.swift */,
			);
			path = Utils;
			sourceTree = "<group>";
		};
		0F6B37512B638E0D00A3D807 /* ViewModel */ = {
			isa = PBXGroup;
			children = (
				0F6B37522B638E2700A3D807 /* LoginViewModel.swift */,
				0F6B37542B63974100A3D807 /* RegistrationViewModel.swift */,
			);
			path = ViewModel;
			sourceTree = "<group>";
		};
		0F6B37582B63DBA900A3D807 /* ViewModel */ = {
			isa = PBXGroup;
			children = (
				0FA44C5E2B678CC300AE1B14 /* ProfileViewModel.swift */,
			);
			path = ViewModel;
			sourceTree = "<group>";
		};
		0F6B37592B63DC0600A3D807 /* ViewModel */ = {
			isa = PBXGroup;
			children = (
				0F6B375A2B63DC3000A3D807 /* SearchViewModel.swift */,
			);
			path = ViewModel;
			sourceTree = "<group>";
		};
		0F96910C2B629F2900AFB5B1 /* View */ = {
			isa = PBXGroup;
			children = (
				0F96910D2B629F3500AFB5B1 /* UploadPostView.swift */,
			);
			path = View;
			sourceTree = "<group>";
		};
		0F96910F2B62A2C100AFB5B1 /* ViewModel */ = {
			isa = PBXGroup;
			children = (
				0F9691102B62A2D100AFB5B1 /* UploadPostViewModel.swift */,
			);
			path = ViewModel;
			sourceTree = "<group>";
		};
		0FA44C672B68B0E200AE1B14 /* ViewModel */ = {
			isa = PBXGroup;
			children = (
				0FA44C682B68B0F300AE1B14 /* FeedViewModel.swift */,
			);
			path = ViewModel;
			sourceTree = "<group>";
		};
		0FA44C6C2B68C58100AE1B14 /* ViewModel */ = {
			isa = PBXGroup;
			children = (
				0FA44C6E2B68C59E00AE1B14 /* PostGridViewModel.swift */,
			);
			path = ViewModel;
			sourceTree = "<group>";
		};
		0FA44C6D2B68C58800AE1B14 /* View */ = {
			isa = PBXGroup;
			children = (
				0FAF72CF2B5FFBF3002D08B9 /* UserStatView.swift */,
				0FAF72E02B60C299002D08B9 /* TextFieldModifier.swift */,
				0F9691082B625D8300AFB5B1 /* PostGridView.swift */,
				0FA44C602B678ED100AE1B14 /* CircularProfileImageView.swift */,
			);
			path = View;
			sourceTree = "<group>";
		};
		0FAF72A22B5FE696002D08B9 = {
			isa = PBXGroup;
			children = (
				0FAF72AD2B5FE696002D08B9 /* instagram-swiftui-app */,
				0FAF72AC2B5FE696002D08B9 /* Products */,
			);
			sourceTree = "<group>";
		};
		0FAF72AC2B5FE696002D08B9 /* Products */ = {
			isa = PBXGroup;
			children = (
				0FAF72AB2B5FE696002D08B9 /* instagram-swiftui-app.app */,
			);
			name = Products;
			sourceTree = "<group>";
		};
		0FAF72AD2B5FE696002D08B9 /* instagram-swiftui-app */ = {
			isa = PBXGroup;
			children = (
				0F6B374E2B63872800A3D807 /* Utils */,
				0FAF72BC2B5FE926002D08B9 /* App */,
				0FAF72BD2B5FE930002D08B9 /* Core */,
				0FAF72BE2B5FE946002D08B9 /* Extensions */,
				0FAF72C02B5FE95D002D08B9 /* Model */,
				0FAF72BF2B5FE94E002D08B9 /* Service */,
				0FAF72B22B5FE698002D08B9 /* Assets.xcassets */,
				0FAF72B42B5FE698002D08B9 /* Preview Content */,
				0F6B372C2B636B2300A3D807 /* GoogleService-Info.plist */,
			);
			path = "instagram-swiftui-app";
			sourceTree = "<group>";
		};
		0FAF72B42B5FE698002D08B9 /* Preview Content */ = {
			isa = PBXGroup;
			children = (
				0FAF72B52B5FE698002D08B9 /* Preview Assets.xcassets */,
			);
			path = "Preview Content";
			sourceTree = "<group>";
		};
		0FAF72BC2B5FE926002D08B9 /* App */ = {
			isa = PBXGroup;
			children = (
				0FAF72AE2B5FE696002D08B9 /* Instagram.swift */,
			);
			path = App;
			sourceTree = "<group>";
		};
		0FAF72BD2B5FE930002D08B9 /* Core */ = {
			isa = PBXGroup;
			children = (
				0FAF72CE2B5FFBCD002D08B9 /* Components */,
				0FAF72C12B5FE994002D08B9 /* Authentication */,
				0FAF72C22B5FF5A9002D08B9 /* Feed */,
				0FAF72C32B5FF5B0002D08B9 /* Profile */,
				0FAF72C42B5FF5B7002D08B9 /* Root */,
				0FAF72C52B5FF5C0002D08B9 /* Search */,
				0FAF72C62B5FF5CE002D08B9 /* TabBar */,
				0FAF72C72B5FF5DB002D08B9 /* UploadPost */,
			);
			path = Core;
			sourceTree = "<group>";
		};
		0FAF72BE2B5FE946002D08B9 /* Extensions */ = {
			isa = PBXGroup;
			children = (
			);
			path = Extensions;
			sourceTree = "<group>";
		};
		0FAF72BF2B5FE94E002D08B9 /* Service */ = {
			isa = PBXGroup;
			children = (
				0F6B374C2B63865200A3D807 /* UserService.swift */,
				0FA44C622B67E72A00AE1B14 /* ImageUploader.swift */,
				0FA44C6A2B68B15D00AE1B14 /* PostService.swift */,
			);
			path = Service;
			sourceTree = "<group>";
		};
		0FAF72C02B5FE95D002D08B9 /* Model */ = {
			isa = PBXGroup;
			children = (
				0FAF72E82B60ECC0002D08B9 /* User.swift */,
				0F9691062B624EB900AFB5B1 /* Post.swift */,
			);
			path = Model;
			sourceTree = "<group>";
		};
		0FAF72C12B5FE994002D08B9 /* Authentication */ = {
			isa = PBXGroup;
			children = (
				0F6B37512B638E0D00A3D807 /* ViewModel */,
				0F6B37452B6380F300A3D807 /* Service */,
				0FAF72D92B60B6CC002D08B9 /* View */,
			);
			path = Authentication;
			sourceTree = "<group>";
		};
		0FAF72C22B5FF5A9002D08B9 /* Feed */ = {
			isa = PBXGroup;
			children = (
				0FA44C672B68B0E200AE1B14 /* ViewModel */,
				0FAF72D12B60AA96002D08B9 /* View */,
			);
			path = Feed;
			sourceTree = "<group>";
		};
		0FAF72C32B5FF5B0002D08B9 /* Profile */ = {
			isa = PBXGroup;
			children = (
				0F6B37582B63DBA900A3D807 /* ViewModel */,
				0FAF72CB2B5FF7F0002D08B9 /* View */,
			);
			path = Profile;
			sourceTree = "<group>";
		};
		0FAF72C42B5FF5B7002D08B9 /* Root */ = {
			isa = PBXGroup;
			children = (
				0F6B37492B63833C00A3D807 /* ViewModel */,
				0F6B37482B63833400A3D807 /* View */,
			);
			path = Root;
			sourceTree = "<group>";
		};
		0FAF72C52B5FF5C0002D08B9 /* Search */ = {
			isa = PBXGroup;
			children = (
				0F6B37592B63DC0600A3D807 /* ViewModel */,
				0FAF72D62B60B4BA002D08B9 /* View */,
			);
			path = Search;
			sourceTree = "<group>";
		};
		0FAF72C62B5FF5CE002D08B9 /* TabBar */ = {
			isa = PBXGroup;
			children = (
				0FAF72CA2B5FF797002D08B9 /* View */,
			);
			path = TabBar;
			sourceTree = "<group>";
		};
		0FAF72C72B5FF5DB002D08B9 /* UploadPost */ = {
			isa = PBXGroup;
			children = (
				0F96910F2B62A2C100AFB5B1 /* ViewModel */,
				0F96910C2B629F2900AFB5B1 /* View */,
			);
			path = UploadPost;
			sourceTree = "<group>";
		};
		0FAF72CA2B5FF797002D08B9 /* View */ = {
			isa = PBXGroup;
			children = (
				0FAF72C82B5FF63E002D08B9 /* MainTabBarView.swift */,
			);
			path = View;
			sourceTree = "<group>";
		};
		0FAF72CB2B5FF7F0002D08B9 /* View */ = {
			isa = PBXGroup;
			children = (
				0FAF72CC2B5FF7FA002D08B9 /* ProfileView.swift */,
				0F9691042B62409900AFB5B1 /* CurrentUserProfileView.swift */,
				0F96910A2B6260F200AFB5B1 /* ProfileHeaderView.swift */,
				0FA44C5C2B6787FF00AE1B14 /* EditProfileView.swift */,
			);
			path = View;
			sourceTree = "<group>";
		};
		0FAF72CE2B5FFBCD002D08B9 /* Components */ = {
			isa = PBXGroup;
			children = (
				0FA44C6D2B68C58800AE1B14 /* View */,
				0FA44C6C2B68C58100AE1B14 /* ViewModel */,
			);
			path = Components;
			sourceTree = "<group>";
		};
		0FAF72D12B60AA96002D08B9 /* View */ = {
			isa = PBXGroup;
			children = (
				0FAF72D22B60AAAA002D08B9 /* FeedView.swift */,
				0FAF72D42B60AABA002D08B9 /* FeedCell.swift */,
			);
			path = View;
			sourceTree = "<group>";
		};
		0FAF72D62B60B4BA002D08B9 /* View */ = {
			isa = PBXGroup;
			children = (
				0FAF72D72B60B4CB002D08B9 /* SearchView.swift */,
			);
			path = View;
			sourceTree = "<group>";
		};
		0FAF72D92B60B6CC002D08B9 /* View */ = {
			isa = PBXGroup;
			children = (
				0FAF72DA2B60B6D8002D08B9 /* LoginView.swift */,
				0FAF72DE2B60BFFC002D08B9 /* AddEmailView.swift */,
				0FAF72E22B60C372002D08B9 /* CreateUserNameView.swift */,
				0FAF72E42B60C548002D08B9 /* CreatePasswordView.swift */,
				0FAF72E62B60C65E002D08B9 /* CompleteSignUpView.swift */,
			);
			path = View;
			sourceTree = "<group>";
		};
/* End PBXGroup section */

/* Begin PBXNativeTarget section */
		0FAF72AA2B5FE696002D08B9 /* instagram-swiftui-app */ = {
			isa = PBXNativeTarget;
			buildConfigurationList = 0FAF72B92B5FE698002D08B9 /* Build configuration list for PBXNativeTarget "instagram-swiftui-app" */;
			buildPhases = (
				0FAF72A72B5FE696002D08B9 /* Sources */,
				0FAF72A82B5FE696002D08B9 /* Frameworks */,
				0FAF72A92B5FE696002D08B9 /* Resources */,
			);
			buildRules = (
			);
			dependencies = (
			);
			name = "instagram-swiftui-app";
			packageProductDependencies = (
				0F6B372F2B636D9900A3D807 /* FirebaseAuth */,
				0F6B37312B636D9900A3D807 /* FirebaseAuthCombine-Community */,
				0F6B37332B636D9900A3D807 /* FirebaseDatabase */,
				0F6B37352B636D9900A3D807 /* FirebaseDatabaseSwift */,
				0F6B37372B636D9900A3D807 /* FirebaseFirestore */,
				0F6B37392B636D9900A3D807 /* FirebaseFirestoreCombine-Community */,
				0F6B373B2B636D9900A3D807 /* FirebaseFirestoreSwift */,
				0F6B373D2B636D9900A3D807 /* FirebaseFunctions */,
				0F6B373F2B636D9900A3D807 /* FirebaseFunctionsCombine-Community */,
				0F6B37412B636D9900A3D807 /* FirebaseStorage */,
				0F6B37432B636D9900A3D807 /* FirebaseStorageCombine-Community */,
				0FA44C652B689FD400AE1B14 /* Kingfisher */,
			);
			productName = "instagram-swiftui-app";
			productReference = 0FAF72AB2B5FE696002D08B9 /* instagram-swiftui-app.app */;
			productType = "com.apple.product-type.application";
		};
/* End PBXNativeTarget section */

/* Begin PBXProject section */
		0FAF72A32B5FE696002D08B9 /* Project object */ = {
			isa = PBXProject;
			attributes = {
				BuildIndependentTargetsInParallel = 1;
				LastSwiftUpdateCheck = 1510;
				LastUpgradeCheck = 1510;
				TargetAttributes = {
					0FAF72AA2B5FE696002D08B9 = {
						CreatedOnToolsVersion = 15.1;
					};
				};
			};
			buildConfigurationList = 0FAF72A62B5FE696002D08B9 /* Build configuration list for PBXProject "instagram-swiftui-app" */;
			compatibilityVersion = "Xcode 14.0";
			developmentRegion = en;
			hasScannedForEncodings = 0;
			knownRegions = (
				en,
				Base,
			);
			mainGroup = 0FAF72A22B5FE696002D08B9;
			packageReferences = (
				0F6B372E2B636D9900A3D807 /* XCRemoteSwiftPackageReference "firebase-ios-sdk" */,
				0FA44C642B689FD400AE1B14 /* XCRemoteSwiftPackageReference "Kingfisher" */,
			);
			productRefGroup = 0FAF72AC2B5FE696002D08B9 /* Products */;
			projectDirPath = "";
			projectRoot = "";
			targets = (
				0FAF72AA2B5FE696002D08B9 /* instagram-swiftui-app */,
			);
		};
/* End PBXProject section */

/* Begin PBXResourcesBuildPhase section */
		0FAF72A92B5FE696002D08B9 /* Resources */ = {
			isa = PBXResourcesBuildPhase;
			buildActionMask = 2147483647;
			files = (
				0FAF72B62B5FE698002D08B9 /* Preview Assets.xcassets in Resources */,
				0FAF72B32B5FE698002D08B9 /* Assets.xcassets in Resources */,
				0F6B372D2B636B2300A3D807 /* GoogleService-Info.plist in Resources */,
			);
			runOnlyForDeploymentPostprocessing = 0;
		};
/* End PBXResourcesBuildPhase section */

/* Begin PBXSourcesBuildPhase section */
		0FAF72A72B5FE696002D08B9 /* Sources */ = {
			isa = PBXSourcesBuildPhase;
			buildActionMask = 2147483647;
			files = (
				0FA44C6F2B68C59E00AE1B14 /* PostGridViewModel.swift in Sources */,
				0F6B37502B63873A00A3D807 /* Constants.swift in Sources */,
				0FAF72D52B60AABA002D08B9 /* FeedCell.swift in Sources */,
				0F96910E2B629F3500AFB5B1 /* UploadPostView.swift in Sources */,
				0FAF72E72B60C65E002D08B9 /* CompleteSignUpView.swift in Sources */,
				0F9691052B62409900AFB5B1 /* CurrentUserProfileView.swift in Sources */,
				0FA44C692B68B0F300AE1B14 /* FeedViewModel.swift in Sources */,
				0FAF72E52B60C548002D08B9 /* CreatePasswordView.swift in Sources */,
				0F6B37472B63811B00A3D807 /* AuthService.swift in Sources */,
				0F9691072B624EB900AFB5B1 /* Post.swift in Sources */,
				0F6B37532B638E2700A3D807 /* LoginViewModel.swift in Sources */,
				0FAF72CD2B5FF7FA002D08B9 /* ProfileView.swift in Sources */,
				0FAF72B12B5FE696002D08B9 /* ContentView.swift in Sources */,
				0F6B37552B63974200A3D807 /* RegistrationViewModel.swift in Sources */,
				0FAF72DB2B60B6D8002D08B9 /* LoginView.swift in Sources */,
				0FA44C632B67E72A00AE1B14 /* ImageUploader.swift in Sources */,
				0F9691092B625D8300AFB5B1 /* PostGridView.swift in Sources */,
				0FA44C5D2B6787FF00AE1B14 /* EditProfileView.swift in Sources */,
				0FAF72C92B5FF63E002D08B9 /* MainTabBarView.swift in Sources */,
				0F6B374B2B63835000A3D807 /* ContentViewModel.swift in Sources */,
				0F9691112B62A2D100AFB5B1 /* UploadPostViewModel.swift in Sources */,
				0F96910B2B6260F200AFB5B1 /* ProfileHeaderView.swift in Sources */,
				0FAF72D82B60B4CB002D08B9 /* SearchView.swift in Sources */,
				0FAF72E92B60ECC0002D08B9 /* User.swift in Sources */,
				0FAF72E32B60C372002D08B9 /* CreateUserNameView.swift in Sources */,
				0FAF72E12B60C299002D08B9 /* TextFieldModifier.swift in Sources */,
				0FA44C6B2B68B15D00AE1B14 /* PostService.swift in Sources */,
				0F6B375B2B63DC3000A3D807 /* SearchViewModel.swift in Sources */,
				0FA44C5F2B678CC300AE1B14 /* ProfileViewModel.swift in Sources */,
				0FAF72D02B5FFBF3002D08B9 /* UserStatView.swift in Sources */,
				0F6B374D2B63865200A3D807 /* UserService.swift in Sources */,
				0FA44C612B678ED100AE1B14 /* CircularProfileImageView.swift in Sources */,
				0FAF72D32B60AAAA002D08B9 /* FeedView.swift in Sources */,
				0FAF72AF2B5FE696002D08B9 /* Instagram.swift in Sources */,
				0FAF72DF2B60BFFC002D08B9 /* AddEmailView.swift in Sources */,
			);
			runOnlyForDeploymentPostprocessing = 0;
		};
/* End PBXSourcesBuildPhase section */

/* Begin XCBuildConfiguration section */
		0FAF72B72B5FE698002D08B9 /* Debug */ = {
			isa = XCBuildConfiguration;
			buildSettings = {
				ALWAYS_SEARCH_USER_PATHS = NO;
				ASSETCATALOG_COMPILER_GENERATE_SWIFT_ASSET_SYMBOL_EXTENSIONS = YES;
				CLANG_ANALYZER_NONNULL = YES;
				CLANG_ANALYZER_NUMBER_OBJECT_CONVERSION = YES_AGGRESSIVE;
				CLANG_CXX_LANGUAGE_STANDARD = "gnu++20";
				CLANG_ENABLE_MODULES = YES;
				CLANG_ENABLE_OBJC_ARC = YES;
				CLANG_ENABLE_OBJC_WEAK = YES;
				CLANG_WARN_BLOCK_CAPTURE_AUTORELEASING = YES;
				CLANG_WARN_BOOL_CONVERSION = YES;
				CLANG_WARN_COMMA = YES;
				CLANG_WARN_CONSTANT_CONVERSION = YES;
				CLANG_WARN_DEPRECATED_OBJC_IMPLEMENTATIONS = YES;
				CLANG_WARN_DIRECT_OBJC_ISA_USAGE = YES_ERROR;
				CLANG_WARN_DOCUMENTATION_COMMENTS = YES;
				CLANG_WARN_EMPTY_BODY = YES;
				CLANG_WARN_ENUM_CONVERSION = YES;
				CLANG_WARN_INFINITE_RECURSION = YES;
				CLANG_WARN_INT_CONVERSION = YES;
				CLANG_WARN_NON_LITERAL_NULL_CONVERSION = YES;
				CLANG_WARN_OBJC_IMPLICIT_RETAIN_SELF = YES;
				CLANG_WARN_OBJC_LITERAL_CONVERSION = YES;
				CLANG_WARN_OBJC_ROOT_CLASS = YES_ERROR;
				CLANG_WARN_QUOTED_INCLUDE_IN_FRAMEWORK_HEADER = YES;
				CLANG_WARN_RANGE_LOOP_ANALYSIS = YES;
				CLANG_WARN_STRICT_PROTOTYPES = YES;
				CLANG_WARN_SUSPICIOUS_MOVE = YES;
				CLANG_WARN_UNGUARDED_AVAILABILITY = YES_AGGRESSIVE;
				CLANG_WARN_UNREACHABLE_CODE = YES;
				CLANG_WARN__DUPLICATE_METHOD_MATCH = YES;
				COPY_PHASE_STRIP = NO;
				DEBUG_INFORMATION_FORMAT = dwarf;
				ENABLE_STRICT_OBJC_MSGSEND = YES;
				ENABLE_TESTABILITY = YES;
				ENABLE_USER_SCRIPT_SANDBOXING = YES;
				GCC_C_LANGUAGE_STANDARD = gnu17;
				GCC_DYNAMIC_NO_PIC = NO;
				GCC_NO_COMMON_BLOCKS = YES;
				GCC_OPTIMIZATION_LEVEL = 0;
				GCC_PREPROCESSOR_DEFINITIONS = (
					"DEBUG=1",
					"$(inherited)",
				);
				GCC_WARN_64_TO_32_BIT_CONVERSION = YES;
				GCC_WARN_ABOUT_RETURN_TYPE = YES_ERROR;
				GCC_WARN_UNDECLARED_SELECTOR = YES;
				GCC_WARN_UNINITIALIZED_AUTOS = YES_AGGRESSIVE;
				GCC_WARN_UNUSED_FUNCTION = YES;
				GCC_WARN_UNUSED_VARIABLE = YES;
				IPHONEOS_DEPLOYMENT_TARGET = 17.2;
				LOCALIZATION_PREFERS_STRING_CATALOGS = YES;
				MTL_ENABLE_DEBUG_INFO = INCLUDE_SOURCE;
				MTL_FAST_MATH = YES;
				ONLY_ACTIVE_ARCH = YES;
				SDKROOT = iphoneos;
				SWIFT_ACTIVE_COMPILATION_CONDITIONS = "DEBUG $(inherited)";
				SWIFT_OPTIMIZATION_LEVEL = "-Onone";
			};
			name = Debug;
		};
		0FAF72B82B5FE698002D08B9 /* Release */ = {
			isa = XCBuildConfiguration;
			buildSettings = {
				ALWAYS_SEARCH_USER_PATHS = NO;
				ASSETCATALOG_COMPILER_GENERATE_SWIFT_ASSET_SYMBOL_EXTENSIONS = YES;
				CLANG_ANALYZER_NONNULL = YES;
				CLANG_ANALYZER_NUMBER_OBJECT_CONVERSION = YES_AGGRESSIVE;
				CLANG_CXX_LANGUAGE_STANDARD = "gnu++20";
				CLANG_ENABLE_MODULES = YES;
				CLANG_ENABLE_OBJC_ARC = YES;
				CLANG_ENABLE_OBJC_WEAK = YES;
				CLANG_WARN_BLOCK_CAPTURE_AUTORELEASING = YES;
				CLANG_WARN_BOOL_CONVERSION = YES;
				CLANG_WARN_COMMA = YES;
				CLANG_WARN_CONSTANT_CONVERSION = YES;
				CLANG_WARN_DEPRECATED_OBJC_IMPLEMENTATIONS = YES;
				CLANG_WARN_DIRECT_OBJC_ISA_USAGE = YES_ERROR;
				CLANG_WARN_DOCUMENTATION_COMMENTS = YES;
				CLANG_WARN_EMPTY_BODY = YES;
				CLANG_WARN_ENUM_CONVERSION = YES;
				CLANG_WARN_INFINITE_RECURSION = YES;
				CLANG_WARN_INT_CONVERSION = YES;
				CLANG_WARN_NON_LITERAL_NULL_CONVERSION = YES;
				CLANG_WARN_OBJC_IMPLICIT_RETAIN_SELF = YES;
				CLANG_WARN_OBJC_LITERAL_CONVERSION = YES;
				CLANG_WARN_OBJC_ROOT_CLASS = YES_ERROR;
				CLANG_WARN_QUOTED_INCLUDE_IN_FRAMEWORK_HEADER = YES;
				CLANG_WARN_RANGE_LOOP_ANALYSIS = YES;
				CLANG_WARN_STRICT_PROTOTYPES = YES;
				CLANG_WARN_SUSPICIOUS_MOVE = YES;
				CLANG_WARN_UNGUARDED_AVAILABILITY = YES_AGGRESSIVE;
				CLANG_WARN_UNREACHABLE_CODE = YES;
				CLANG_WARN__DUPLICATE_METHOD_MATCH = YES;
				COPY_PHASE_STRIP = NO;
				DEBUG_INFORMATION_FORMAT = "dwarf-with-dsym";
				ENABLE_NS_ASSERTIONS = NO;
				ENABLE_STRICT_OBJC_MSGSEND = YES;
				ENABLE_USER_SCRIPT_SANDBOXING = YES;
				GCC_C_LANGUAGE_STANDARD = gnu17;
				GCC_NO_COMMON_BLOCKS = YES;
				GCC_WARN_64_TO_32_BIT_CONVERSION = YES;
				GCC_WARN_ABOUT_RETURN_TYPE = YES_ERROR;
				GCC_WARN_UNDECLARED_SELECTOR = YES;
				GCC_WARN_UNINITIALIZED_AUTOS = YES_AGGRESSIVE;
				GCC_WARN_UNUSED_FUNCTION = YES;
				GCC_WARN_UNUSED_VARIABLE = YES;
				IPHONEOS_DEPLOYMENT_TARGET = 17.2;
				LOCALIZATION_PREFERS_STRING_CATALOGS = YES;
				MTL_ENABLE_DEBUG_INFO = NO;
				MTL_FAST_MATH = YES;
				SDKROOT = iphoneos;
				SWIFT_COMPILATION_MODE = wholemodule;
				VALIDATE_PRODUCT = YES;
			};
			name = Release;
		};
		0FAF72BA2B5FE698002D08B9 /* Debug */ = {
			isa = XCBuildConfiguration;
			buildSettings = {
				ASSETCATALOG_COMPILER_APPICON_NAME = AppIcon;
				ASSETCATALOG_COMPILER_GLOBAL_ACCENT_COLOR_NAME = AccentColor;
				CODE_SIGN_STYLE = Automatic;
				CURRENT_PROJECT_VERSION = 1;
				DEVELOPMENT_ASSET_PATHS = "\"instagram-swiftui-app/Preview Content\"";
				DEVELOPMENT_TEAM = RGRK4BWFFK;
				ENABLE_PREVIEWS = YES;
				GENERATE_INFOPLIST_FILE = YES;
				INFOPLIST_KEY_UIApplicationSceneManifest_Generation = YES;
				INFOPLIST_KEY_UIApplicationSupportsIndirectInputEvents = YES;
				INFOPLIST_KEY_UILaunchScreen_Generation = YES;
				INFOPLIST_KEY_UISupportedInterfaceOrientations_iPad = "UIInterfaceOrientationPortrait UIInterfaceOrientationPortraitUpsideDown UIInterfaceOrientationLandscapeLeft UIInterfaceOrientationLandscapeRight";
				INFOPLIST_KEY_UISupportedInterfaceOrientations_iPhone = "UIInterfaceOrientationPortrait UIInterfaceOrientationLandscapeLeft UIInterfaceOrientationLandscapeRight";
				LD_RUNPATH_SEARCH_PATHS = (
					"$(inherited)",
					"@executable_path/Frameworks",
				);
				MARKETING_VERSION = 1.0;
				PRODUCT_BUNDLE_IDENTIFIER = "com.herisusanto.instagram-swiftui-app";
				PRODUCT_NAME = "$(TARGET_NAME)";
				SWIFT_EMIT_LOC_STRINGS = YES;
				SWIFT_VERSION = 5.0;
				TARGETED_DEVICE_FAMILY = "1,2";
			};
			name = Debug;
		};
		0FAF72BB2B5FE698002D08B9 /* Release */ = {
			isa = XCBuildConfiguration;
			buildSettings = {
				ASSETCATALOG_COMPILER_APPICON_NAME = AppIcon;
				ASSETCATALOG_COMPILER_GLOBAL_ACCENT_COLOR_NAME = AccentColor;
				CODE_SIGN_STYLE = Automatic;
				CURRENT_PROJECT_VERSION = 1;
				DEVELOPMENT_ASSET_PATHS = "\"instagram-swiftui-app/Preview Content\"";
				DEVELOPMENT_TEAM = RGRK4BWFFK;
				ENABLE_PREVIEWS = YES;
				GENERATE_INFOPLIST_FILE = YES;
				INFOPLIST_KEY_UIApplicationSceneManifest_Generation = YES;
				INFOPLIST_KEY_UIApplicationSupportsIndirectInputEvents = YES;
				INFOPLIST_KEY_UILaunchScreen_Generation = YES;
				INFOPLIST_KEY_UISupportedInterfaceOrientations_iPad = "UIInterfaceOrientationPortrait UIInterfaceOrientationPortraitUpsideDown UIInterfaceOrientationLandscapeLeft UIInterfaceOrientationLandscapeRight";
				INFOPLIST_KEY_UISupportedInterfaceOrientations_iPhone = "UIInterfaceOrientationPortrait UIInterfaceOrientationLandscapeLeft UIInterfaceOrientationLandscapeRight";
				LD_RUNPATH_SEARCH_PATHS = (
					"$(inherited)",
					"@executable_path/Frameworks",
				);
				MARKETING_VERSION = 1.0;
				PRODUCT_BUNDLE_IDENTIFIER = "com.herisusanto.instagram-swiftui-app";
				PRODUCT_NAME = "$(TARGET_NAME)";
				SWIFT_EMIT_LOC_STRINGS = YES;
				SWIFT_VERSION = 5.0;
				TARGETED_DEVICE_FAMILY = "1,2";
			};
			name = Release;
		};
/* End XCBuildConfiguration section */

/* Begin XCConfigurationList section */
		0FAF72A62B5FE696002D08B9 /* Build configuration list for PBXProject "instagram-swiftui-app" */ = {
			isa = XCConfigurationList;
			buildConfigurations = (
				0FAF72B72B5FE698002D08B9 /* Debug */,
				0FAF72B82B5FE698002D08B9 /* Release */,
			);
			defaultConfigurationIsVisible = 0;
			defaultConfigurationName = Release;
		};
		0FAF72B92B5FE698002D08B9 /* Build configuration list for PBXNativeTarget "instagram-swiftui-app" */ = {
			isa = XCConfigurationList;
			buildConfigurations = (
				0FAF72BA2B5FE698002D08B9 /* Debug */,
				0FAF72BB2B5FE698002D08B9 /* Release */,
			);
			defaultConfigurationIsVisible = 0;
			defaultConfigurationName = Release;
		};
/* End XCConfigurationList section */

/* Begin XCRemoteSwiftPackageReference section */
		0F6B372E2B636D9900A3D807 /* XCRemoteSwiftPackageReference "firebase-ios-sdk" */ = {
			isa = XCRemoteSwiftPackageReference;
			repositoryURL = "https://github.com/firebase/firebase-ios-sdk";
			requirement = {
				kind = upToNextMajorVersion;
				minimumVersion = 10.20.0;
			};
		};
		0FA44C642B689FD400AE1B14 /* XCRemoteSwiftPackageReference "Kingfisher" */ = {
			isa = XCRemoteSwiftPackageReference;
			repositoryURL = "https://github.com/onevcat/Kingfisher.git";
			requirement = {
				kind = upToNextMajorVersion;
				minimumVersion = 7.10.2;
			};
		};
/* End XCRemoteSwiftPackageReference section */

/* Begin XCSwiftPackageProductDependency section */
		0F6B372F2B636D9900A3D807 /* FirebaseAuth */ = {
			isa = XCSwiftPackageProductDependency;
			package = 0F6B372E2B636D9900A3D807 /* XCRemoteSwiftPackageReference "firebase-ios-sdk" */;
			productName = FirebaseAuth;
		};
		0F6B37312B636D9900A3D807 /* FirebaseAuthCombine-Community */ = {
			isa = XCSwiftPackageProductDependency;
			package = 0F6B372E2B636D9900A3D807 /* XCRemoteSwiftPackageReference "firebase-ios-sdk" */;
			productName = "FirebaseAuthCombine-Community";
		};
		0F6B37332B636D9900A3D807 /* FirebaseDatabase */ = {
			isa = XCSwiftPackageProductDependency;
			package = 0F6B372E2B636D9900A3D807 /* XCRemoteSwiftPackageReference "firebase-ios-sdk" */;
			productName = FirebaseDatabase;
		};
		0F6B37352B636D9900A3D807 /* FirebaseDatabaseSwift */ = {
			isa = XCSwiftPackageProductDependency;
			package = 0F6B372E2B636D9900A3D807 /* XCRemoteSwiftPackageReference "firebase-ios-sdk" */;
			productName = FirebaseDatabaseSwift;
		};
		0F6B37372B636D9900A3D807 /* FirebaseFirestore */ = {
			isa = XCSwiftPackageProductDependency;
			package = 0F6B372E2B636D9900A3D807 /* XCRemoteSwiftPackageReference "firebase-ios-sdk" */;
			productName = FirebaseFirestore;
		};
		0F6B37392B636D9900A3D807 /* FirebaseFirestoreCombine-Community */ = {
			isa = XCSwiftPackageProductDependency;
			package = 0F6B372E2B636D9900A3D807 /* XCRemoteSwiftPackageReference "firebase-ios-sdk" */;
			productName = "FirebaseFirestoreCombine-Community";
		};
		0F6B373B2B636D9900A3D807 /* FirebaseFirestoreSwift */ = {
			isa = XCSwiftPackageProductDependency;
			package = 0F6B372E2B636D9900A3D807 /* XCRemoteSwiftPackageReference "firebase-ios-sdk" */;
			productName = FirebaseFirestoreSwift;
		};
		0F6B373D2B636D9900A3D807 /* FirebaseFunctions */ = {
			isa = XCSwiftPackageProductDependency;
			package = 0F6B372E2B636D9900A3D807 /* XCRemoteSwiftPackageReference "firebase-ios-sdk" */;
			productName = FirebaseFunctions;
		};
		0F6B373F2B636D9900A3D807 /* FirebaseFunctionsCombine-Community */ = {
			isa = XCSwiftPackageProductDependency;
			package = 0F6B372E2B636D9900A3D807 /* XCRemoteSwiftPackageReference "firebase-ios-sdk" */;
			productName = "FirebaseFunctionsCombine-Community";
		};
		0F6B37412B636D9900A3D807 /* FirebaseStorage */ = {
			isa = XCSwiftPackageProductDependency;
			package = 0F6B372E2B636D9900A3D807 /* XCRemoteSwiftPackageReference "firebase-ios-sdk" */;
			productName = FirebaseStorage;
		};
		0F6B37432B636D9900A3D807 /* FirebaseStorageCombine-Community */ = {
			isa = XCSwiftPackageProductDependency;
			package = 0F6B372E2B636D9900A3D807 /* XCRemoteSwiftPackageReference "firebase-ios-sdk" */;
			productName = "FirebaseStorageCombine-Community";
		};
		0FA44C652B689FD400AE1B14 /* Kingfisher */ = {
			isa = XCSwiftPackageProductDependency;
			package = 0FA44C642B689FD400AE1B14 /* XCRemoteSwiftPackageReference "Kingfisher" */;
			productName = Kingfisher;
		};
/* End XCSwiftPackageProductDependency section */
	};
	rootObject = 0FAF72A32B5FE696002D08B9 /* Project object */;
}
